PODS:
  - Flutter (1.0.0)
  - vidyo_plugin_swift (0.0.1):
    - Flutter

DEPENDENCIES:
  - Flutter (from `Flutter`)
  - vidyo_plugin_swift (from `.symlinks/plugins/vidyo_plugin_swift/ios`)

EXTERNAL SOURCES:
  Flutter:
    :path: Flutter
  vidyo_plugin_swift:
    :path: ".symlinks/plugins/vidyo_plugin_swift/ios"

SPEC CHECKSUMS:
  Flutter: f04841e97a9d0b0a8025694d0796dd46242b2854
  vidyo_plugin_swift: 52f4fb94a94cf169140a6d9fa49052ab156a19b1

PODFILE CHECKSUM: ef19549a9bc3046e7bb7d2fab4d021637c0c58a3

COCOAPODS: 1.11.2
